// !$*UTF8*$!
{
	archiveVersion = 1;
	classes = {
	};
	objectVersion = 50;
	objects = {

/* Begin PBXBuildFile section */
		490E382C271154BD00BB6C03 /* ExtraMenuRow.swift in Sources */ = {isa = PBXBuildFile; fileRef = 490E382B271154BD00BB6C03 /* ExtraMenuRow.swift */; };
		4928283B270E624B00EC7CA3 /* MapView.swift in Sources */ = {isa = PBXBuildFile; fileRef = 4928283A270E624B00EC7CA3 /* MapView.swift */; };
		494EFD7827741794003BC185 /* Avalanche Slider.swift in Sources */ = {isa = PBXBuildFile; fileRef = 494EFD7727741794003BC185 /* Avalanche Slider.swift */; };
		495A41A62718F9EC00CE1220 /* TrailMapDetail.swift in Sources */ = {isa = PBXBuildFile; fileRef = 495A41A52718F9EC00CE1220 /* TrailMapDetail.swift */; };
		495A41A82718FA0900CE1220 /* ExtraMenuDetail.swift in Sources */ = {isa = PBXBuildFile; fileRef = 495A41A72718FA0900CE1220 /* ExtraMenuDetail.swift */; };
		49786AC72700225200B6C9EF /* LocationRow.swift in Sources */ = {isa = PBXBuildFile; fileRef = 49786AC62700225200B6C9EF /* LocationRow.swift */; };
		49786ACA2700227300B6C9EF /* SkiLiftRow.swift in Sources */ = {isa = PBXBuildFile; fileRef = 49786AC92700227300B6C9EF /* SkiLiftRow.swift */; };
		49786ACC270022A600B6C9EF /* LocationDetail.swift in Sources */ = {isa = PBXBuildFile; fileRef = 49786ACB270022A600B6C9EF /* LocationDetail.swift */; };
		49786ACE270022B500B6C9EF /* SkiLiftDetail.swift in Sources */ = {isa = PBXBuildFile; fileRef = 49786ACD270022B500B6C9EF /* SkiLiftDetail.swift */; };
		499172C827743B5F00640123 /* SettingsDetail.swift in Sources */ = {isa = PBXBuildFile; fileRef = 499172C727743B5F00640123 /* SettingsDetail.swift */; };
		499172CA27743B7000640123 /* SettingsRow.swift in Sources */ = {isa = PBXBuildFile; fileRef = 499172C927743B7000640123 /* SettingsRow.swift */; };
		4997027E26EEF0D100E93933 /* TestBox2.swift in Sources */ = {isa = PBXBuildFile; fileRef = 4997027D26EEF0D100E93933 /* TestBox2.swift */; };
		499EED9F273B71300061BB1A /* CircleWavesView.swift in Sources */ = {isa = PBXBuildFile; fileRef = 499EED9E273B71300061BB1A /* CircleWavesView.swift */; };
		499EEDA5273B73F60061BB1A /* HorizontalBarView.swift in Sources */ = {isa = PBXBuildFile; fileRef = 499EEDA4273B73F60061BB1A /* HorizontalBarView.swift */; };
		499EEDA7273B743D0061BB1A /* VerticalBarsView.swift in Sources */ = {isa = PBXBuildFile; fileRef = 499EEDA6273B743D0061BB1A /* VerticalBarsView.swift */; };
		499EEDA9273B747C0061BB1A /* ScalingCirclesView.swift in Sources */ = {isa = PBXBuildFile; fileRef = 499EEDA8273B747C0061BB1A /* ScalingCirclesView.swift */; };
		499EEDAD273B786A0061BB1A /* LaunchScreen.storyboard in Resources */ = {isa = PBXBuildFile; fileRef = 499EEDAC273B786A0061BB1A /* LaunchScreen.storyboard */; };
		499EEDAF273B84A50061BB1A /* AvalancheDetail.swift in Sources */ = {isa = PBXBuildFile; fileRef = 499EEDAE273B84A50061BB1A /* AvalancheDetail.swift */; };
		499EEDB1273B84B90061BB1A /* AvalancheRow.swift in Sources */ = {isa = PBXBuildFile; fileRef = 499EEDB0273B84B90061BB1A /* AvalancheRow.swift */; };
		49BAB58026C6F3E000FB732D /* Sun_ValleyApp.swift in Sources */ = {isa = PBXBuildFile; fileRef = 49BAB57F26C6F3E000FB732D /* Sun_ValleyApp.swift */; };
		49BAB58226C6F3E000FB732D /* ContentView.swift in Sources */ = {isa = PBXBuildFile; fileRef = 49BAB58126C6F3E000FB732D /* ContentView.swift */; };
		49BAB58426C6F3E100FB732D /* Assets.xcassets in Resources */ = {isa = PBXBuildFile; fileRef = 49BAB58326C6F3E100FB732D /* Assets.xcassets */; };
		49BAB58726C6F3E100FB732D /* Preview Assets.xcassets in Resources */ = {isa = PBXBuildFile; fileRef = 49BAB58626C6F3E100FB732D /* Preview Assets.xcassets */; };
		49C029F926FEB90800422E65 /* TrailMapRow.swift in Sources */ = {isa = PBXBuildFile; fileRef = 49C029F826FEB90800422E65 /* TrailMapRow.swift */; };
		49C029FD26FEC07300422E65 /* SunValleyList.swift in Sources */ = {isa = PBXBuildFile; fileRef = 49C029FC26FEC07300422E65 /* SunValleyList.swift */; };
		49CCFBDA276E4B5800CB9328 /* BindingTest.swift in Sources */ = {isa = PBXBuildFile; fileRef = 49CCFBD9276E4B5800CB9328 /* BindingTest.swift */; };
		49D256BF27114D22002A413A /* HomeRow.swift in Sources */ = {isa = PBXBuildFile; fileRef = 49D256BE27114D22002A413A /* HomeRow.swift */; };
		49D256C127114D3D002A413A /* HomeDetail.swift in Sources */ = {isa = PBXBuildFile; fileRef = 49D256C027114D3D002A413A /* HomeDetail.swift */; };
		49E4495026E70AE3009EEF64 /* TestBox.swift in Sources */ = {isa = PBXBuildFile; fileRef = 49E4494F26E70AE3009EEF64 /* TestBox.swift */; };
		49FDD20F276E91E30089988B /* ShareVariable.swift in Sources */ = {isa = PBXBuildFile; fileRef = 49FDD20E276E91E30089988B /* ShareVariable.swift */; };
		49FDD211276E952E0089988B /* RecieveVariable.swift in Sources */ = {isa = PBXBuildFile; fileRef = 49FDD210276E952E0089988B /* RecieveVariable.swift */; };
/* End PBXBuildFile section */

/* Begin PBXFileReference section */
		490E382B271154BD00BB6C03 /* ExtraMenuRow.swift */ = {isa = PBXFileReference; lastKnownFileType = sourcecode.swift; path = ExtraMenuRow.swift; sourceTree = "<group>"; };
		4928283A270E624B00EC7CA3 /* MapView.swift */ = {isa = PBXFileReference; lastKnownFileType = sourcecode.swift; path = MapView.swift; sourceTree = "<group>"; };
		494EFD7727741794003BC185 /* Avalanche Slider.swift */ = {isa = PBXFileReference; lastKnownFileType = sourcecode.swift; path = "Avalanche Slider.swift"; sourceTree = "<group>"; };
		495A41A52718F9EC00CE1220 /* TrailMapDetail.swift */ = {isa = PBXFileReference; lastKnownFileType = sourcecode.swift; path = TrailMapDetail.swift; sourceTree = "<group>"; };
		495A41A72718FA0900CE1220 /* ExtraMenuDetail.swift */ = {isa = PBXFileReference; lastKnownFileType = sourcecode.swift; path = ExtraMenuDetail.swift; sourceTree = "<group>"; };
		49786AC62700225200B6C9EF /* LocationRow.swift */ = {isa = PBXFileReference; lastKnownFileType = sourcecode.swift; path = LocationRow.swift; sourceTree = "<group>"; };
		49786AC92700227300B6C9EF /* SkiLiftRow.swift */ = {isa = PBXFileReference; lastKnownFileType = sourcecode.swift; path = SkiLiftRow.swift; sourceTree = "<group>"; };
		49786ACB270022A600B6C9EF /* LocationDetail.swift */ = {isa = PBXFileReference; lastKnownFileType = sourcecode.swift; path = LocationDetail.swift; sourceTree = "<group>"; };
		49786ACD270022B500B6C9EF /* SkiLiftDetail.swift */ = {isa = PBXFileReference; lastKnownFileType = sourcecode.swift; path = SkiLiftDetail.swift; sourceTree = "<group>"; };
		499172C727743B5F00640123 /* SettingsDetail.swift */ = {isa = PBXFileReference; lastKnownFileType = sourcecode.swift; path = SettingsDetail.swift; sourceTree = "<group>"; };
		499172C927743B7000640123 /* SettingsRow.swift */ = {isa = PBXFileReference; lastKnownFileType = sourcecode.swift; path = SettingsRow.swift; sourceTree = "<group>"; };
		4997027D26EEF0D100E93933 /* TestBox2.swift */ = {isa = PBXFileReference; lastKnownFileType = sourcecode.swift; path = TestBox2.swift; sourceTree = "<group>"; };
		499EED9E273B71300061BB1A /* CircleWavesView.swift */ = {isa = PBXFileReference; lastKnownFileType = sourcecode.swift; path = CircleWavesView.swift; sourceTree = "<group>"; };
		499EEDA4273B73F60061BB1A /* HorizontalBarView.swift */ = {isa = PBXFileReference; lastKnownFileType = sourcecode.swift; path = HorizontalBarView.swift; sourceTree = "<group>"; };
		499EEDA6273B743D0061BB1A /* VerticalBarsView.swift */ = {isa = PBXFileReference; lastKnownFileType = sourcecode.swift; path = VerticalBarsView.swift; sourceTree = "<group>"; };
		499EEDA8273B747C0061BB1A /* ScalingCirclesView.swift */ = {isa = PBXFileReference; lastKnownFileType = sourcecode.swift; path = ScalingCirclesView.swift; sourceTree = "<group>"; };
		499EEDAC273B786A0061BB1A /* LaunchScreen.storyboard */ = {isa = PBXFileReference; lastKnownFileType = file.storyboard; path = LaunchScreen.storyboard; sourceTree = "<group>"; };
		499EEDAE273B84A50061BB1A /* AvalancheDetail.swift */ = {isa = PBXFileReference; lastKnownFileType = sourcecode.swift; path = AvalancheDetail.swift; sourceTree = "<group>"; };
		499EEDB0273B84B90061BB1A /* AvalancheRow.swift */ = {isa = PBXFileReference; lastKnownFileType = sourcecode.swift; path = AvalancheRow.swift; sourceTree = "<group>"; };
		49BAB57C26C6F3E000FB732D /* Sun Valley.app */ = {isa = PBXFileReference; explicitFileType = wrapper.application; includeInIndex = 0; path = "Sun Valley.app"; sourceTree = BUILT_PRODUCTS_DIR; };
		49BAB57F26C6F3E000FB732D /* Sun_ValleyApp.swift */ = {isa = PBXFileReference; lastKnownFileType = sourcecode.swift; path = Sun_ValleyApp.swift; sourceTree = "<group>"; };
		49BAB58126C6F3E000FB732D /* ContentView.swift */ = {isa = PBXFileReference; lastKnownFileType = sourcecode.swift; path = ContentView.swift; sourceTree = "<group>"; };
		49BAB58326C6F3E100FB732D /* Assets.xcassets */ = {isa = PBXFileReference; lastKnownFileType = folder.assetcatalog; path = Assets.xcassets; sourceTree = "<group>"; };
		49BAB58626C6F3E100FB732D /* Preview Assets.xcassets */ = {isa = PBXFileReference; lastKnownFileType = folder.assetcatalog; path = "Preview Assets.xcassets"; sourceTree = "<group>"; };
		49BAB58826C6F3E100FB732D /* Info.plist */ = {isa = PBXFileReference; lastKnownFileType = text.plist.xml; path = Info.plist; sourceTree = "<group>"; };
		49C029F826FEB90800422E65 /* TrailMapRow.swift */ = {isa = PBXFileReference; lastKnownFileType = sourcecode.swift; path = TrailMapRow.swift; sourceTree = "<group>"; };
		49C029FC26FEC07300422E65 /* SunValleyList.swift */ = {isa = PBXFileReference; lastKnownFileType = sourcecode.swift; path = SunValleyList.swift; sourceTree = "<group>"; };
		49CCFBD9276E4B5800CB9328 /* BindingTest.swift */ = {isa = PBXFileReference; lastKnownFileType = sourcecode.swift; path = BindingTest.swift; sourceTree = "<group>"; };
		49D256BE27114D22002A413A /* HomeRow.swift */ = {isa = PBXFileReference; lastKnownFileType = sourcecode.swift; path = HomeRow.swift; sourceTree = "<group>"; };
		49D256C027114D3D002A413A /* HomeDetail.swift */ = {isa = PBXFileReference; lastKnownFileType = sourcecode.swift; path = HomeDetail.swift; sourceTree = "<group>"; };
		49E4494F26E70AE3009EEF64 /* TestBox.swift */ = {isa = PBXFileReference; lastKnownFileType = sourcecode.swift; path = TestBox.swift; sourceTree = "<group>"; };
		49FDD20E276E91E30089988B /* ShareVariable.swift */ = {isa = PBXFileReference; lastKnownFileType = sourcecode.swift; path = ShareVariable.swift; sourceTree = "<group>"; };
		49FDD210276E952E0089988B /* RecieveVariable.swift */ = {isa = PBXFileReference; lastKnownFileType = sourcecode.swift; path = RecieveVariable.swift; sourceTree = "<group>"; };
/* End PBXFileReference section */

/* Begin PBXFrameworksBuildPhase section */
		49BAB57926C6F3E000FB732D /* Frameworks */ = {
			isa = PBXFrameworksBuildPhase;
			buildActionMask = 2147483647;
			files = (
			);
			runOnlyForDeploymentPostprocessing = 0;
		};
/* End PBXFrameworksBuildPhase section */

/* Begin PBXGroup section */
		4909FD5D26CAFC9200441E78 /* Views */ = {
			isa = PBXGroup;
			children = (
				49BAB58126C6F3E000FB732D /* ContentView.swift */,
				49C029FC26FEC07300422E65 /* SunValleyList.swift */,
				49E4494F26E70AE3009EEF64 /* TestBox.swift */,
				4997027D26EEF0D100E93933 /* TestBox2.swift */,
				499EEDAA273B75860061BB1A /* Rows */,
				499EEDAB273B75BD0061BB1A /* Details */,
				499EEDA0273B72C60061BB1A /* Animations */,
				494EFD7627741740003BC185 /* Controls */,
				49CCFBD9276E4B5800CB9328 /* BindingTest.swift */,
				49FDD20E276E91E30089988B /* ShareVariable.swift */,
				49FDD210276E952E0089988B /* RecieveVariable.swift */,
			);
			path = Views;
			sourceTree = "<group>";
		};
		494EFD7627741740003BC185 /* Controls */ = {
			isa = PBXGroup;
			children = (
				494EFD7727741794003BC185 /* Avalanche Slider.swift */,
			);
			path = Controls;
			sourceTree = "<group>";
		};
		499EEDA0273B72C60061BB1A /* Animations */ = {
			isa = PBXGroup;
			children = (
				499EED9E273B71300061BB1A /* CircleWavesView.swift */,
				499EEDA4273B73F60061BB1A /* HorizontalBarView.swift */,
				499EEDA6273B743D0061BB1A /* VerticalBarsView.swift */,
				499EEDA8273B747C0061BB1A /* ScalingCirclesView.swift */,
			);
			path = Animations;
			sourceTree = "<group>";
		};
		499EEDAA273B75860061BB1A /* Rows */ = {
			isa = PBXGroup;
			children = (
				49D256BE27114D22002A413A /* HomeRow.swift */,
				49C029F826FEB90800422E65 /* TrailMapRow.swift */,
				49786AC62700225200B6C9EF /* LocationRow.swift */,
				49786AC92700227300B6C9EF /* SkiLiftRow.swift */,
				499EEDB0273B84B90061BB1A /* AvalancheRow.swift */,
				490E382B271154BD00BB6C03 /* ExtraMenuRow.swift */,
				499172C927743B7000640123 /* SettingsRow.swift */,
			);
			path = Rows;
			sourceTree = "<group>";
		};
		499EEDAB273B75BD0061BB1A /* Details */ = {
			isa = PBXGroup;
			children = (
				49D256C027114D3D002A413A /* HomeDetail.swift */,
				49786ACB270022A600B6C9EF /* LocationDetail.swift */,
				4928283A270E624B00EC7CA3 /* MapView.swift */,
				495A41A52718F9EC00CE1220 /* TrailMapDetail.swift */,
				49786ACD270022B500B6C9EF /* SkiLiftDetail.swift */,
				499EEDAE273B84A50061BB1A /* AvalancheDetail.swift */,
				495A41A72718FA0900CE1220 /* ExtraMenuDetail.swift */,
				499172C727743B5F00640123 /* SettingsDetail.swift */,
			);
			path = Details;
			sourceTree = "<group>";
		};
		49BAB57326C6F3E000FB732D = {
			isa = PBXGroup;
			children = (
				49BAB57E26C6F3E000FB732D /* Sun Valley */,
				49BAB57D26C6F3E000FB732D /* Products */,
			);
			sourceTree = "<group>";
		};
		49BAB57D26C6F3E000FB732D /* Products */ = {
			isa = PBXGroup;
			children = (
				49BAB57C26C6F3E000FB732D /* Sun Valley.app */,
			);
			name = Products;
			sourceTree = "<group>";
		};
		49BAB57E26C6F3E000FB732D /* Sun Valley */ = {
			isa = PBXGroup;
			children = (
				49BAB57F26C6F3E000FB732D /* Sun_ValleyApp.swift */,
				4909FD5D26CAFC9200441E78 /* Views */,
				49BAB58326C6F3E100FB732D /* Assets.xcassets */,
				49BAB58826C6F3E100FB732D /* Info.plist */,
				49BAB58526C6F3E100FB732D /* Preview Content */,
				499EEDAC273B786A0061BB1A /* LaunchScreen.storyboard */,
			);
			path = "Sun Valley";
			sourceTree = "<group>";
		};
		49BAB58526C6F3E100FB732D /* Preview Content */ = {
			isa = PBXGroup;
			children = (
				49BAB58626C6F3E100FB732D /* Preview Assets.xcassets */,
			);
			path = "Preview Content";
			sourceTree = "<group>";
		};
/* End PBXGroup section */

/* Begin PBXNativeTarget section */
		49BAB57B26C6F3E000FB732D /* Sun Valley */ = {
			isa = PBXNativeTarget;
			buildConfigurationList = 49BAB58B26C6F3E100FB732D /* Build configuration list for PBXNativeTarget "Sun Valley" */;
			buildPhases = (
				49BAB57826C6F3E000FB732D /* Sources */,
				49BAB57926C6F3E000FB732D /* Frameworks */,
				49BAB57A26C6F3E000FB732D /* Resources */,
			);
			buildRules = (
			);
			dependencies = (
			);
			name = "Sun Valley";
			productName = "Sun Valley";
			productReference = 49BAB57C26C6F3E000FB732D /* Sun Valley.app */;
			productType = "com.apple.product-type.application";
		};
/* End PBXNativeTarget section */

/* Begin PBXProject section */
		49BAB57426C6F3E000FB732D /* Project object */ = {
			isa = PBXProject;
			attributes = {
				LastSwiftUpdateCheck = 1250;
				LastUpgradeCheck = 1250;
				TargetAttributes = {
					49BAB57B26C6F3E000FB732D = {
						CreatedOnToolsVersion = 12.5.1;
					};
				};
			};
			buildConfigurationList = 49BAB57726C6F3E000FB732D /* Build configuration list for PBXProject "Sun Valley" */;
			compatibilityVersion = "Xcode 9.3";
			developmentRegion = en;
			hasScannedForEncodings = 0;
			knownRegions = (
				en,
				Base,
			);
			mainGroup = 49BAB57326C6F3E000FB732D;
			productRefGroup = 49BAB57D26C6F3E000FB732D /* Products */;
			projectDirPath = "";
			projectRoot = "";
			targets = (
				49BAB57B26C6F3E000FB732D /* Sun Valley */,
			);
		};
/* End PBXProject section */

/* Begin PBXResourcesBuildPhase section */
		49BAB57A26C6F3E000FB732D /* Resources */ = {
			isa = PBXResourcesBuildPhase;
			buildActionMask = 2147483647;
			files = (
				499EEDAD273B786A0061BB1A /* LaunchScreen.storyboard in Resources */,
				49BAB58726C6F3E100FB732D /* Preview Assets.xcassets in Resources */,
				49BAB58426C6F3E100FB732D /* Assets.xcassets in Resources */,
			);
			runOnlyForDeploymentPostprocessing = 0;
		};
/* End PBXResourcesBuildPhase section */

/* Begin PBXSourcesBuildPhase section */
		49BAB57826C6F3E000FB732D /* Sources */ = {
			isa = PBXSourcesBuildPhase;
			buildActionMask = 2147483647;
			files = (
				49FDD211276E952E0089988B /* RecieveVariable.swift in Sources */,
				4997027E26EEF0D100E93933 /* TestBox2.swift in Sources */,
				4928283B270E624B00EC7CA3 /* MapView.swift in Sources */,
				490E382C271154BD00BB6C03 /* ExtraMenuRow.swift in Sources */,
				49C029FD26FEC07300422E65 /* SunValleyList.swift in Sources */,
				499EEDA9273B747C0061BB1A /* ScalingCirclesView.swift in Sources */,
				49C029F926FEB90800422E65 /* TrailMapRow.swift in Sources */,
				49D256BF27114D22002A413A /* HomeRow.swift in Sources */,
				495A41A62718F9EC00CE1220 /* TrailMapDetail.swift in Sources */,
				499EED9F273B71300061BB1A /* CircleWavesView.swift in Sources */,
				49D256C127114D3D002A413A /* HomeDetail.swift in Sources */,
				49786AC72700225200B6C9EF /* LocationRow.swift in Sources */,
				499EEDA7273B743D0061BB1A /* VerticalBarsView.swift in Sources */,
				499EEDAF273B84A50061BB1A /* AvalancheDetail.swift in Sources */,
				499EEDA5273B73F60061BB1A /* HorizontalBarView.swift in Sources */,
				49786ACA2700227300B6C9EF /* SkiLiftRow.swift in Sources */,
				499172C827743B5F00640123 /* SettingsDetail.swift in Sources */,
				499172CA27743B7000640123 /* SettingsRow.swift in Sources */,
				49CCFBDA276E4B5800CB9328 /* BindingTest.swift in Sources */,
				494EFD7827741794003BC185 /* Avalanche Slider.swift in Sources */,
				49BAB58226C6F3E000FB732D /* ContentView.swift in Sources */,
				495A41A82718FA0900CE1220 /* ExtraMenuDetail.swift in Sources */,
				49E4495026E70AE3009EEF64 /* TestBox.swift in Sources */,
				49BAB58026C6F3E000FB732D /* Sun_ValleyApp.swift in Sources */,
				49786ACE270022B500B6C9EF /* SkiLiftDetail.swift in Sources */,
				499EEDB1273B84B90061BB1A /* AvalancheRow.swift in Sources */,
				49786ACC270022A600B6C9EF /* LocationDetail.swift in Sources */,
				49FDD20F276E91E30089988B /* ShareVariable.swift in Sources */,
			);
			runOnlyForDeploymentPostprocessing = 0;
		};
/* End PBXSourcesBuildPhase section */

/* Begin XCBuildConfiguration section */
		49BAB58926C6F3E100FB732D /* Debug */ = {
			isa = XCBuildConfiguration;
			buildSettings = {
				ALWAYS_SEARCH_USER_PATHS = NO;
				CLANG_ANALYZER_NONNULL = YES;
				CLANG_ANALYZER_NUMBER_OBJECT_CONVERSION = YES_AGGRESSIVE;
				CLANG_CXX_LANGUAGE_STANDARD = "gnu++14";
				CLANG_CXX_LIBRARY = "libc++";
				CLANG_ENABLE_MODULES = YES;
				CLANG_ENABLE_OBJC_ARC = YES;
				CLANG_ENABLE_OBJC_WEAK = YES;
				CLANG_WARN_BLOCK_CAPTURE_AUTORELEASING = YES;
				CLANG_WARN_BOOL_CONVERSION = YES;
				CLANG_WARN_COMMA = YES;
				CLANG_WARN_CONSTANT_CONVERSION = YES;
				CLANG_WARN_DEPRECATED_OBJC_IMPLEMENTATIONS = YES;
				CLANG_WARN_DIRECT_OBJC_ISA_USAGE = YES_ERROR;
				CLANG_WARN_DOCUMENTATION_COMMENTS = YES;
				CLANG_WARN_EMPTY_BODY = YES;
				CLANG_WARN_ENUM_CONVERSION = YES;
				CLANG_WARN_INFINITE_RECURSION = YES;
				CLANG_WARN_INT_CONVERSION = YES;
				CLANG_WARN_NON_LITERAL_NULL_CONVERSION = YES;
				CLANG_WARN_OBJC_IMPLICIT_RETAIN_SELF = YES;
				CLANG_WARN_OBJC_LITERAL_CONVERSION = YES;
				CLANG_WARN_OBJC_ROOT_CLASS = YES_ERROR;
				CLANG_WARN_QUOTED_INCLUDE_IN_FRAMEWORK_HEADER = YES;
				CLANG_WARN_RANGE_LOOP_ANALYSIS = YES;
				CLANG_WARN_STRICT_PROTOTYPES = YES;
				CLANG_WARN_SUSPICIOUS_MOVE = YES;
				CLANG_WARN_UNGUARDED_AVAILABILITY = YES_AGGRESSIVE;
				CLANG_WARN_UNREACHABLE_CODE = YES;
				CLANG_WARN__DUPLICATE_METHOD_MATCH = YES;
				COPY_PHASE_STRIP = NO;
				DEBUG_INFORMATION_FORMAT = dwarf;
				ENABLE_STRICT_OBJC_MSGSEND = YES;
				ENABLE_TESTABILITY = YES;
				GCC_C_LANGUAGE_STANDARD = gnu11;
				GCC_DYNAMIC_NO_PIC = NO;
				GCC_NO_COMMON_BLOCKS = YES;
				GCC_OPTIMIZATION_LEVEL = 0;
				GCC_PREPROCESSOR_DEFINITIONS = (
					"DEBUG=1",
					"$(inherited)",
				);
				GCC_WARN_64_TO_32_BIT_CONVERSION = YES;
				GCC_WARN_ABOUT_RETURN_TYPE = YES_ERROR;
				GCC_WARN_UNDECLARED_SELECTOR = YES;
				GCC_WARN_UNINITIALIZED_AUTOS = YES_AGGRESSIVE;
				GCC_WARN_UNUSED_FUNCTION = YES;
				GCC_WARN_UNUSED_VARIABLE = YES;
				IPHONEOS_DEPLOYMENT_TARGET = 14.5;
				MTL_ENABLE_DEBUG_INFO = INCLUDE_SOURCE;
				MTL_FAST_MATH = YES;
				ONLY_ACTIVE_ARCH = YES;
				SDKROOT = iphoneos;
				SWIFT_ACTIVE_COMPILATION_CONDITIONS = DEBUG;
				SWIFT_OPTIMIZATION_LEVEL = "-Onone";
			};
			name = Debug;
		};
		49BAB58A26C6F3E100FB732D /* Release */ = {
			isa = XCBuildConfiguration;
			buildSettings = {
				ALWAYS_SEARCH_USER_PATHS = NO;
				CLANG_ANALYZER_NONNULL = YES;
				CLANG_ANALYZER_NUMBER_OBJECT_CONVERSION = YES_AGGRESSIVE;
				CLANG_CXX_LANGUAGE_STANDARD = "gnu++14";
				CLANG_CXX_LIBRARY = "libc++";
				CLANG_ENABLE_MODULES = YES;
				CLANG_ENABLE_OBJC_ARC = YES;
				CLANG_ENABLE_OBJC_WEAK = YES;
				CLANG_WARN_BLOCK_CAPTURE_AUTORELEASING = YES;
				CLANG_WARN_BOOL_CONVERSION = YES;
				CLANG_WARN_COMMA = YES;
				CLANG_WARN_CONSTANT_CONVERSION = YES;
				CLANG_WARN_DEPRECATED_OBJC_IMPLEMENTATIONS = YES;
				CLANG_WARN_DIRECT_OBJC_ISA_USAGE = YES_ERROR;
				CLANG_WARN_DOCUMENTATION_COMMENTS = YES;
				CLANG_WARN_EMPTY_BODY = YES;
				CLANG_WARN_ENUM_CONVERSION = YES;
				CLANG_WARN_INFINITE_RECURSION = YES;
				CLANG_WARN_INT_CONVERSION = YES;
				CLANG_WARN_NON_LITERAL_NULL_CONVERSION = YES;
				CLANG_WARN_OBJC_IMPLICIT_RETAIN_SELF = YES;
				CLANG_WARN_OBJC_LITERAL_CONVERSION = YES;
				CLANG_WARN_OBJC_ROOT_CLASS = YES_ERROR;
				CLANG_WARN_QUOTED_INCLUDE_IN_FRAMEWORK_HEADER = YES;
				CLANG_WARN_RANGE_LOOP_ANALYSIS = YES;
				CLANG_WARN_STRICT_PROTOTYPES = YES;
				CLANG_WARN_SUSPICIOUS_MOVE = YES;
				CLANG_WARN_UNGUARDED_AVAILABILITY = YES_AGGRESSIVE;
				CLANG_WARN_UNREACHABLE_CODE = YES;
				CLANG_WARN__DUPLICATE_METHOD_MATCH = YES;
				COPY_PHASE_STRIP = NO;
				DEBUG_INFORMATION_FORMAT = "dwarf-with-dsym";
				ENABLE_NS_ASSERTIONS = NO;
				ENABLE_STRICT_OBJC_MSGSEND = YES;
				GCC_C_LANGUAGE_STANDARD = gnu11;
				GCC_NO_COMMON_BLOCKS = YES;
				GCC_WARN_64_TO_32_BIT_CONVERSION = YES;
				GCC_WARN_ABOUT_RETURN_TYPE = YES_ERROR;
				GCC_WARN_UNDECLARED_SELECTOR = YES;
				GCC_WARN_UNINITIALIZED_AUTOS = YES_AGGRESSIVE;
				GCC_WARN_UNUSED_FUNCTION = YES;
				GCC_WARN_UNUSED_VARIABLE = YES;
				IPHONEOS_DEPLOYMENT_TARGET = 14.5;
				MTL_ENABLE_DEBUG_INFO = NO;
				MTL_FAST_MATH = YES;
				SDKROOT = iphoneos;
				SWIFT_COMPILATION_MODE = wholemodule;
				SWIFT_OPTIMIZATION_LEVEL = "-O";
				VALIDATE_PRODUCT = YES;
			};
			name = Release;
		};
		49BAB58C26C6F3E100FB732D /* Debug */ = {
			isa = XCBuildConfiguration;
			buildSettings = {
				ASSETCATALOG_COMPILER_APPICON_NAME = AppIcon;
				ASSETCATALOG_COMPILER_GLOBAL_ACCENT_COLOR_NAME = AccentColor;
				CODE_SIGN_STYLE = Automatic;
				DEVELOPMENT_ASSET_PATHS = "\"Sun Valley/Preview Content\"";
				DEVELOPMENT_TEAM = YUCK58LS7M;
				ENABLE_PREVIEWS = YES;
				INFOPLIST_FILE = "Sun Valley/Info.plist";
				IPHONEOS_DEPLOYMENT_TARGET = 14.0;
				LD_RUNPATH_SEARCH_PATHS = (
					"$(inherited)",
					"@executable_path/Frameworks",
				);
				PRODUCT_BUNDLE_IDENTIFIER = "None.Sun-Valley";
				PRODUCT_NAME = "$(TARGET_NAME)";
				SWIFT_VERSION = 5.0;
				TARGETED_DEVICE_FAMILY = "1,2";
			};
			name = Debug;
		};
		49BAB58D26C6F3E100FB732D /* Release */ = {
			isa = XCBuildConfiguration;
			buildSettings = {
				ASSETCATALOG_COMPILER_APPICON_NAME = AppIcon;
				ASSETCATALOG_COMPILER_GLOBAL_ACCENT_COLOR_NAME = AccentColor;
				CODE_SIGN_STYLE = Automatic;
				DEVELOPMENT_ASSET_PATHS = "\"Sun Valley/Preview Content\"";
				DEVELOPMENT_TEAM = YUCK58LS7M;
				ENABLE_PREVIEWS = YES;
				INFOPLIST_FILE = "Sun Valley/Info.plist";
				IPHONEOS_DEPLOYMENT_TARGET = 14.0;
				LD_RUNPATH_SEARCH_PATHS = (
					"$(inherited)",
					"@executable_path/Frameworks",
				);
				PRODUCT_BUNDLE_IDENTIFIER = "None.Sun-Valley";
				PRODUCT_NAME = "$(TARGET_NAME)";
				SWIFT_VERSION = 5.0;
				TARGETED_DEVICE_FAMILY = "1,2";
			};
			name = Release;
		};
/* End XCBuildConfiguration section */

/* Begin XCConfigurationList section */
		49BAB57726C6F3E000FB732D /* Build configuration list for PBXProject "Sun Valley" */ = {
			isa = XCConfigurationList;
			buildConfigurations = (
				49BAB58926C6F3E100FB732D /* Debug */,
				49BAB58A26C6F3E100FB732D /* Release */,
			);
			defaultConfigurationIsVisible = 0;
			defaultConfigurationName = Release;
		};
		49BAB58B26C6F3E100FB732D /* Build configuration list for PBXNativeTarget "Sun Valley" */ = {
			isa = XCConfigurationList;
			buildConfigurations = (
				49BAB58C26C6F3E100FB732D /* Debug */,
				49BAB58D26C6F3E100FB732D /* Release */,
			);
			defaultConfigurationIsVisible = 0;
			defaultConfigurationName = Release;
		};
/* End XCConfigurationList section */
	};
	rootObject = 49BAB57426C6F3E000FB732D /* Project object */;
}
